
Microsoft Visual Studio Solution File, Format Version 12.00
# Visual Studio Version 17
VisualStudioVersion = 17.3.32901.215
MinimumVisualStudioVersion = 10.0.40219.1
Project("{FAE04EC0-301F-11D3-BF4B-00C04F79EFBC}") = "DrawingPolygons", "DrawingPolygons\DrawingPolygons.csproj", "{478A67C6-C719-41D8-B97B-9D89074C4651}"
EndProject
Global
	GlobalSection(SolutionConfigurationPlatforms) = preSolution
		Debug|Any CPU = Debug|Any CPU
		Release|Any CPU = Release|Any CPU
	EndGlobalSection
	GlobalSection(ProjectConfigurationPlatforms) = postSolution
		{478A67C6-C719-41D8-B97B-9D89074C4651}.Debug|Any CPU.ActiveCfg = Debug|Any CPU
		{478A67C6-C719-41D8-B97B-9D89074C4651}.Debug|Any CPU.Build.0 = Debug|Any CPU
		{478A67C6-C719-41D8-B97B-9D89074C4651}.Release|Any CPU.ActiveCfg = Release|Any CPU
		{478A67C6-C719-41D8-B97B-9D89074C4651}.Release|Any CPU.Build.0 = Release|Any CPU
	EndGlobalSection
	GlobalSection(SolutionProperties) = preSolution
		HideSolutionNode = FALSE
	EndGlobalSection
	GlobalSection(ExtensibilityGlobals) = postSolution
		SolutionGuid = {5590DB25-2EC0-4121-B80A-8CD0A9933C29}
	EndGlobalSection
EndGlobal
